
Microsoft Visual Studio Solution File, Format Version 12.00
# Visual Studio Version 17
VisualStudioVersion = 17.14.37012.4 d17.14
MinimumVisualStudioVersion = 10.0.40219.1
Project("{FAE04EC0-301F-11D3-BF4B-00C04F79EFBC}") = "InfrastructureReportingSystem", "InfrastructureReportingSystem\InfrastructureReportingSystem.csproj", "{F6913293-58A8-4C62-B7D0-3FF7CA09F8ED}"
EndProject
Global
	GlobalSection(SolutionConfigurationPlatforms) = preSolution
		Debug|Any CPU = Debug|Any CPU
		Release|Any CPU = Release|Any CPU
	EndGlobalSection
	GlobalSection(ProjectConfigurationPlatforms) = postSolution
		{F6913293-58A8-4C62-B7D0-3FF7CA09F8ED}.Debug|Any CPU.ActiveCfg = Debug|Any CPU
		{F6913293-58A8-4C62-B7D0-3FF7CA09F8ED}.Debug|Any CPU.Build.0 = Debug|Any CPU
		{F6913293-58A8-4C62-B7D0-3FF7CA09F8ED}.Release|Any CPU.ActiveCfg = Release|Any CPU
		{F6913293-58A8-4C62-B7D0-3FF7CA09F8ED}.Release|Any CPU.Build.0 = Release|Any CPU
	EndGlobalSection
	GlobalSection(SolutionProperties) = preSolution
		HideSolutionNode = FALSE
	EndGlobalSection
	GlobalSection(ExtensibilityGlobals) = postSolution
		SolutionGuid = {EA787DA5-CBC5-4B88-B703-AE5AD5212AE4}
	EndGlobalSection
EndGlobal
